
Microsoft Visual Studio Solution File, Format Version 12.00
# Visual Studio Version 17
VisualStudioVersion = 17.7.34202.233
MinimumVisualStudioVersion = 10.0.40219.1
Project("{8BC9CEB8-8B4A-11D0-8D11-00A0C91BC942}") = "Wilbur", "Wilbur\Wilbur.vcxproj", "{2D921F64-B696-458F-94CB-F3BCAF3E0F8A}"
EndProject
Project("{8BC9CEB8-8B4A-11D0-8D11-00A0C91BC942}") = "WilburTest", "WilburTest\WilburTest.vcxproj", "{E5170253-C229-4151-9F7A-79188A8B5FDA}"
EndProject
Global
	GlobalSection(SolutionConfigurationPlatforms) = preSolution
		Debug|x64 = Debug|x64
		Debug|x86 = Debug|x86
		Release|x64 = Release|x64
		Release|x86 = Release|x86
	EndGlobalSection
	GlobalSection(ProjectConfigurationPlatforms) = postSolution
		{2D921F64-B696-458F-94CB-F3BCAF3E0F8A}.Debug|x64.ActiveCfg = Release|x64
		{2D921F64-B696-458F-94CB-F3BCAF3E0F8A}.Debug|x64.Build.0 = Release|x64
		{2D921F64-B696-458F-94CB-F3BCAF3E0F8A}.Debug|x86.ActiveCfg = Debug|x64
		{2D921F64-B696-458F-94CB-F3BCAF3E0F8A}.Debug|x86.Build.0 = Debug|x64
		{2D921F64-B696-458F-94CB-F3BCAF3E0F8A}.Release|x64.ActiveCfg = Release|x64
		{2D921F64-B696-458F-94CB-F3BCAF3E0F8A}.Release|x64.Build.0 = Release|x64
		{2D921F64-B696-458F-94CB-F3BCAF3E0F8A}.Release|x86.ActiveCfg = Release|x64
		{2D921F64-B696-458F-94CB-F3BCAF3E0F8A}.Release|x86.Build.0 = Release|x64
		{E5170253-C229-4151-9F7A-79188A8B5FDA}.Debug|x64.ActiveCfg = Debug|x64
		{E5170253-C229-4151-9F7A-79188A8B5FDA}.Debug|x86.ActiveCfg = Debug|x64
		{E5170253-C229-4151-9F7A-79188A8B5FDA}.Debug|x86.Build.0 = Debug|x64
		{E5170253-C229-4151-9F7A-79188A8B5FDA}.Release|x64.ActiveCfg = Release|x64
		{E5170253-C229-4151-9F7A-79188A8B5FDA}.Release|x64.Build.0 = Release|x64
		{E5170253-C229-4151-9F7A-79188A8B5FDA}.Release|x86.ActiveCfg = Release|x64
		{E5170253-C229-4151-9F7A-79188A8B5FDA}.Release|x86.Build.0 = Release|x64
	EndGlobalSection
	GlobalSection(SolutionProperties) = preSolution
		HideSolutionNode = FALSE
	EndGlobalSection
	GlobalSection(ExtensibilityGlobals) = postSolution
		SolutionGuid = {2C6B818A-6B77-49CC-B4D4-AA82A0E9356C}
	EndGlobalSection
EndGlobal
