<?xml version="1.0" encoding="utf-8"?>
<Project ToolsVersion="4.0" xmlns="http://schemas.microsoft.com/developer/msbuild/2003">
  <ItemGroup>
    <Filter Include="Source Files">
      <UniqueIdentifier>{4FC737F1-C7A5-4376-A066-2A32D752A2FF}</UniqueIdentifier>
      <Extensions>qml;cpp;c;cc;cxx;def;odl;idl;hpj;bat;asm;asmx</Extensions>
    </Filter>
    <Filter Include="Header Files">
      <UniqueIdentifier>{93995380-89BD-4b04-88EB-625FBE52EBFB}</UniqueIdentifier>
      <Extensions>h;hh;hpp;hxx;hm;inl;inc;xsd</Extensions>
    </Filter>
    <Filter Include="Resource Files">
      <UniqueIdentifier>{67DA6AB6-F800-4c08-8B7A-83BB121AAD01}</UniqueIdentifier>
      <Extensions>qrc;rc;ico;cur;bmp;dlg;rc2;rct;bin;rgs;gif;jpg;jpeg;jpe;resx;tiff;tif;png;wav;mfcribbon-ms</Extensions>
    </Filter>
    <Filter Include="Form Files">
      <UniqueIdentifier>{99349809-55BA-4b9d-BF79-8FDBB0286EB3}</UniqueIdentifier>
      <Extensions>ui</Extensions>
    </Filter>
    <Filter Include="Translation Files">
      <UniqueIdentifier>{639EADAA-A684-42e4-A9AD-28FC9BCB8F7C}</UniqueIdentifier>
      <Extensions>ts</Extensions>
    </Filter>
    <Filter Include="Source Files\Model">
      <UniqueIdentifier>{0a0f89b5-630e-40e3-a5f6-9ef0bcf7595c}</UniqueIdentifier>
    </Filter>
    <Filter Include="Source Files\View">
      <UniqueIdentifier>{8a40a169-8030-40ce-8bb8-045df0fb438a}</UniqueIdentifier>
    </Filter>
    <Filter Include="Source Files\ViewModel">
      <UniqueIdentifier>{2addccf2-fe7f-42ae-aa8b-b0a36b86fb54}</UniqueIdentifier>
    </Filter>
  </ItemGroup>
  <ItemGroup>
    <QtRcc Include="Wilbur.qrc">
      <Filter>Resource Files</Filter>
    </QtRcc>
    <QtUic Include="Wilbur.ui">
      <Filter>Form Files</Filter>
    </QtUic>
    <QtMoc Include="Wilbur.h">
      <Filter>Header Files</Filter>
    </QtMoc>
    <ClCompile Include="Wilbur.cpp">
      <Filter>Source Files</Filter>
    </ClCompile>
  </ItemGroup>
  <ItemGroup>
    <ClCompile Include="main.cpp">
      <Filter>Source Files</Filter>
    </ClCompile>
    <ClCompile Include="stiffnessSlider.cpp">
      <Filter>Source Files</Filter>
    </ClCompile>
    <ClCompile Include="navigationBar.cpp">
      <Filter>Source Files</Filter>
    </ClCompile>
    <ClCompile Include="customDialog.cpp">
      <Filter>Source Files</Filter>
    </ClCompile>
    <ClCompile Include="textHandler.cpp">
      <Filter>Source Files</Filter>
    </ClCompile>
    <ClCompile Include="demoSimulator.cpp">
      <Filter>Source Files</Filter>
    </ClCompile>
    <ClCompile Include="customButton.cpp">
      <Filter>Source Files</Filter>
    </ClCompile>
    <ClCompile Include="sliderLayout.cpp">
      <Filter>Source Files</Filter>
    </ClCompile>
    <ClCompile Include="actionLogging.cpp">
      <Filter>Source Files</Filter>
    </ClCompile>
    <ClCompile Include="bluetoothButtonView.cpp">
      <Filter>Source Files</Filter>
    </ClCompile>
    <ClCompile Include="prototypeControllerView.cpp">
      <Filter>Source Files</Filter>
    </ClCompile>
    <ClCompile Include="ductButtonView.cpp">
      <Filter>Source Files</Filter>
    </ClCompile>
    <ClCompile Include="inputDirector.cpp">
      <Filter>Source Files</Filter>
    </ClCompile>
    <ClCompile Include="ductLayoutView.cpp">
      <Filter>Source Files</Filter>
    </ClCompile>
  </ItemGroup>
  <ItemGroup>
    <QtMoc Include="stiffnessSlider.h">
      <Filter>Header Files</Filter>
    </QtMoc>
    <QtMoc Include="navigationBar.h">
      <Filter>Header Files</Filter>
    </QtMoc>
    <QtMoc Include="customDialog.h">
      <Filter>Header Files</Filter>
    </QtMoc>
    <QtMoc Include="customButton.h">
      <Filter>Header Files</Filter>
    </QtMoc>
    <QtMoc Include="sliderLayout.h">
      <Filter>Header Files</Filter>
    </QtMoc>
    <QtMoc Include="prototypeControllerView.h">
      <Filter>Header Files</Filter>
    </QtMoc>
    <QtMoc Include="bluetoothButtonView.h">
      <Filter>Header Files</Filter>
    </QtMoc>
    <QtMoc Include="ductButtonView.h">
      <Filter>Header Files</Filter>
    </QtMoc>
    <QtMoc Include="ductLayoutView.h">
      <Filter>Header Files</Filter>
    </QtMoc>
  </ItemGroup>
  <ItemGroup>
    <ClInclude Include="textHandler.h">
      <Filter>Header Files</Filter>
    </ClInclude>
    <ClInclude Include="demoSimulator.h">
      <Filter>Header Files</Filter>
    </ClInclude>
    <ClInclude Include="actionLogging.h">
      <Filter>Header Files</Filter>
    </ClInclude>
    <ClInclude Include="inputDirector.h">
      <Filter>Header Files</Filter>
    </ClInclude>
  </ItemGroup>
</Project>