<?xml version="1.0" encoding="utf-8"?>
<Project ToolsVersion="4.0" xmlns="http://schemas.microsoft.com/developer/msbuild/2003">
  <ItemGroup>
    <Filter Include="Source Files">
      <UniqueIdentifier>{4FC737F1-C7A5-4376-A066-2A32D752A2FF}</UniqueIdentifier>
      <Extensions>qml;cpp;c;cc;cxx;def;odl;idl;hpj;bat;asm;asmx</Extensions>
    </Filter>
    <Filter Include="Header Files">
      <UniqueIdentifier>{93995380-89BD-4b04-88EB-625FBE52EBFB}</UniqueIdentifier>
      <Extensions>h;hh;hpp;hxx;hm;inl;inc;xsd</Extensions>
    </Filter>
    <Filter Include="Resource Files">
      <UniqueIdentifier>{67DA6AB6-F800-4c08-8B7A-83BB121AAD01}</UniqueIdentifier>
      <Extensions>qrc;rc;ico;cur;bmp;dlg;rc2;rct;bin;rgs;gif;jpg;jpeg;jpe;resx;tiff;tif;png;wav;mfcribbon-ms</Extensions>
    </Filter>
    <Filter Include="Form Files">
      <UniqueIdentifier>{99349809-55BA-4b9d-BF79-8FDBB0286EB3}</UniqueIdentifier>
      <Extensions>ui</Extensions>
    </Filter>
    <Filter Include="Translation Files">
      <UniqueIdentifier>{639EADAA-A684-42e4-A9AD-28FC9BCB8F7C}</UniqueIdentifier>
      <Extensions>ts</Extensions>
    </Filter>
    <Filter Include="Source Files\Model">
      <UniqueIdentifier>{0a0f89b5-630e-40e3-a5f6-9ef0bcf7595c}</UniqueIdentifier>
    </Filter>
    <Filter Include="Source Files\View">
      <UniqueIdentifier>{8a40a169-8030-40ce-8bb8-045df0fb438a}</UniqueIdentifier>
    </Filter>
    <Filter Include="Source Files\ViewModel">
      <UniqueIdentifier>{2addccf2-fe7f-42ae-aa8b-b0a36b86fb54}</UniqueIdentifier>
    </Filter>
    <Filter Include="Header Files\Model">
      <UniqueIdentifier>{3fcb11ae-f1ef-4f1b-af16-ff6bdefefe12}</UniqueIdentifier>
    </Filter>
    <Filter Include="Header Files\View">
      <UniqueIdentifier>{511c2823-7d30-4c31-818b-1b1fcd3aed3c}</UniqueIdentifier>
    </Filter>
    <Filter Include="Header Files\ViewModel">
      <UniqueIdentifier>{cdc481b5-5ac1-4a6b-a7d8-04c388f97721}</UniqueIdentifier>
    </Filter>
  </ItemGroup>
  <ItemGroup>
    <QtRcc Include="Wilbur.qrc">
      <Filter>Resource Files</Filter>
    </QtRcc>
    <QtUic Include="Wilbur.ui">
      <Filter>Form Files</Filter>
    </QtUic>
  </ItemGroup>
  <ItemGroup>
    <ClCompile Include="main.cpp">
      <Filter>Source Files</Filter>
    </ClCompile>
    <ClCompile Include="navigationBar.cpp">
      <Filter>Source Files</Filter>
    </ClCompile>
    <ClCompile Include="customDialog.cpp">
      <Filter>Source Files</Filter>
    </ClCompile>
    <ClCompile Include="demoSimulator.cpp">
      <Filter>Source Files</Filter>
    </ClCompile>
    <ClCompile Include="BaseButtonView.cpp">
      <Filter>Source Files</Filter>
    </ClCompile>
    <ClCompile Include="actionLogging.cpp">
      <Filter>Source Files</Filter>
    </ClCompile>
    <ClCompile Include="inputDirector.cpp">
      <Filter>Source Files</Filter>
    </ClCompile>
    <ClCompile Include="StringBuilderViewModel.cpp">
      <Filter>Source Files\ViewModel</Filter>
    </ClCompile>
    <ClCompile Include="StiffnessSliderView.cpp">
      <Filter>Source Files\View</Filter>
    </ClCompile>
    <ClCompile Include="SliderLayoutView.cpp">
      <Filter>Source Files\View</Filter>
    </ClCompile>
    <ClCompile Include="DuctLayoutView.cpp">
      <Filter>Source Files\View</Filter>
    </ClCompile>
    <ClCompile Include="DuctButtonView.cpp">
      <Filter>Source Files\View</Filter>
    </ClCompile>
    <ClCompile Include="BluetoothButtonView.cpp">
      <Filter>Source Files\View</Filter>
    </ClCompile>
    <ClCompile Include="PrototypeControllerView.cpp">
      <Filter>Source Files\View</Filter>
    </ClCompile>
    <ClCompile Include="WilburApplicationView.cpp">
      <Filter>Source Files\View</Filter>
    </ClCompile>
  </ItemGroup>
  <ItemGroup>
    <QtMoc Include="navigationBar.h">
      <Filter>Header Files</Filter>
    </QtMoc>
    <QtMoc Include="customDialog.h">
      <Filter>Header Files</Filter>
    </QtMoc>
    <QtMoc Include="BaseButtonView.h">
      <Filter>Header Files</Filter>
    </QtMoc>
    <QtMoc Include="BluetoothButtonView.h">
      <Filter>Header Files\View</Filter>
    </QtMoc>
    <QtMoc Include="DuctButtonView.h">
      <Filter>Header Files\View</Filter>
    </QtMoc>
    <QtMoc Include="PrototypeControllerView.h">
      <Filter>Header Files\View</Filter>
    </QtMoc>
    <QtMoc Include="DuctLayoutView.h">
      <Filter>Header Files\View</Filter>
    </QtMoc>
    <QtMoc Include="SliderLayoutView.h">
      <Filter>Header Files\View</Filter>
    </QtMoc>
    <QtMoc Include="StiffnessSliderView.h">
      <Filter>Header Files\View</Filter>
    </QtMoc>
    <QtMoc Include="WilburApplicationView.h">
      <Filter>Header Files\View</Filter>
    </QtMoc>
  </ItemGroup>
  <ItemGroup>
    <ClInclude Include="demoSimulator.h">
      <Filter>Header Files</Filter>
    </ClInclude>
    <ClInclude Include="actionLogging.h">
      <Filter>Header Files</Filter>
    </ClInclude>
    <ClInclude Include="inputDirector.h">
      <Filter>Header Files</Filter>
    </ClInclude>
    <ClInclude Include="StringBuilderViewModel.h">
      <Filter>Header Files\ViewModel</Filter>
    </ClInclude>
  </ItemGroup>
</Project>