<?xml version="1.0" encoding="utf-8"?>
<Project ToolsVersion="4.0" xmlns="http://schemas.microsoft.com/developer/msbuild/2003">
  <ItemGroup>
    <Filter Include="Source Files">
      <UniqueIdentifier>{4FC737F1-C7A5-4376-A066-2A32D752A2FF}</UniqueIdentifier>
      <Extensions>qml;cpp;c;cc;cxx;def;odl;idl;hpj;bat;asm;asmx</Extensions>
    </Filter>
    <Filter Include="Header Files">
      <UniqueIdentifier>{93995380-89BD-4b04-88EB-625FBE52EBFB}</UniqueIdentifier>
      <Extensions>h;hh;hpp;hxx;hm;inl;inc;xsd</Extensions>
    </Filter>
    <Filter Include="Resource Files">
      <UniqueIdentifier>{67DA6AB6-F800-4c08-8B7A-83BB121AAD01}</UniqueIdentifier>
      <Extensions>qrc;rc;ico;cur;bmp;dlg;rc2;rct;bin;rgs;gif;jpg;jpeg;jpe;resx;tiff;tif;png;wav;mfcribbon-ms</Extensions>
    </Filter>
    <Filter Include="Form Files">
      <UniqueIdentifier>{99349809-55BA-4b9d-BF79-8FDBB0286EB3}</UniqueIdentifier>
      <Extensions>ui</Extensions>
    </Filter>
    <Filter Include="Translation Files">
      <UniqueIdentifier>{639EADAA-A684-42e4-A9AD-28FC9BCB8F7C}</UniqueIdentifier>
      <Extensions>ts</Extensions>
    </Filter>
  </ItemGroup>
  <ItemGroup>
    <QtRcc Include="WilburTest.qrc">
      <Filter>Resource Files</Filter>
    </QtRcc>
    <QtUic Include="WilburTest.ui">
      <Filter>Form Files</Filter>
    </QtUic>
    <QtMoc Include="WilburTest.h">
      <Filter>Header Files</Filter>
    </QtMoc>
    <ClCompile Include="WilburTest.cpp">
      <Filter>Source Files</Filter>
    </ClCompile>
  </ItemGroup>
  <ItemGroup>
    <ClCompile Include="main.cpp">
      <Filter>Source Files</Filter>
    </ClCompile>
    <ClCompile Include="WilburApplicationViewTest.cpp">
      <Filter>Source Files</Filter>
    </ClCompile>
    <ClCompile Include="..\Wilbur\ActionLogView.cpp">
      <Filter>Source Files</Filter>
    </ClCompile>
    <ClCompile Include="..\Wilbur\BaseButtonView.cpp">
      <Filter>Source Files</Filter>
    </ClCompile>
    <ClCompile Include="..\Wilbur\button.cpp">
      <Filter>Source Files</Filter>
    </ClCompile>
    <ClCompile Include="..\Wilbur\ConnectionButtonView.cpp">
      <Filter>Source Files</Filter>
    </ClCompile>
    <ClCompile Include="..\Wilbur\ConnectionLayoutView.cpp">
      <Filter>Source Files</Filter>
    </ClCompile>
    <ClCompile Include="..\Wilbur\ductButtonView.cpp">
      <Filter>Source Files</Filter>
    </ClCompile>
    <ClCompile Include="..\Wilbur\ductLayoutView.cpp">
      <Filter>Source Files</Filter>
    </ClCompile>
    <ClCompile Include="..\Wilbur\FileMenuModel.cpp">
      <Filter>Source Files</Filter>
    </ClCompile>
    <ClCompile Include="..\Wilbur\FlowRateLayoutView.cpp">
      <Filter>Source Files</Filter>
    </ClCompile>
    <ClCompile Include="..\Wilbur\HelpMenuModel.cpp">
      <Filter>Source Files</Filter>
    </ClCompile>
    <ClCompile Include="..\Wilbur\InputDirectorViewModel.cpp">
      <Filter>Source Files</Filter>
    </ClCompile>
    <ClCompile Include="..\Wilbur\MenuBarModel.cpp">
      <Filter>Source Files</Filter>
    </ClCompile>
    <ClCompile Include="..\Wilbur\MenuBarView.cpp">
      <Filter>Source Files</Filter>
    </ClCompile>
    <ClCompile Include="..\Wilbur\prototypeControllerView.cpp">
      <Filter>Source Files</Filter>
    </ClCompile>
    <ClCompile Include="..\Wilbur\SerialConnection.cpp">
      <Filter>Source Files</Filter>
    </ClCompile>
    <ClCompile Include="..\Wilbur\SimOutputViewModel.cpp">
      <Filter>Source Files</Filter>
    </ClCompile>
    <ClCompile Include="..\Wilbur\SimulatorModel.cpp">
      <Filter>Source Files</Filter>
    </ClCompile>
    <ClCompile Include="..\Wilbur\sliderLayoutView.cpp">
      <Filter>Source Files</Filter>
    </ClCompile>
    <ClCompile Include="..\Wilbur\StiffnessSliderView.cpp">
      <Filter>Source Files</Filter>
    </ClCompile>
    <ClCompile Include="..\Wilbur\StringBuilderViewModel.cpp">
      <Filter>Source Files</Filter>
    </ClCompile>
    <ClCompile Include="..\Wilbur\WilburApplicationView.cpp">
      <Filter>Source Files</Filter>
    </ClCompile>
    <ClCompile Include="..\Wilbur\ActionLogModel.cpp">
      <Filter>Source Files</Filter>
    </ClCompile>
  </ItemGroup>
  <ItemGroup>
    <QtMoc Include="WilburApplicationViewTest.h">
      <Filter>Header Files</Filter>
    </QtMoc>
    <QtMoc Include="..\Wilbur\WilburApplicationView.h">
      <Filter>Header Files</Filter>
    </QtMoc>
    <QtMoc Include="..\Wilbur\ActionLogModel.h">
      <Filter>Header Files</Filter>
    </QtMoc>
    <QtMoc Include="..\Wilbur\ActionLogView.h">
      <Filter>Header Files</Filter>
    </QtMoc>
    <QtMoc Include="..\Wilbur\BaseButtonView.h">
      <Filter>Header Files</Filter>
    </QtMoc>
    <QtMoc Include="..\Wilbur\button.h">
      <Filter>Header Files</Filter>
    </QtMoc>
    <QtMoc Include="..\Wilbur\ConnectionButtonView.h">
      <Filter>Header Files</Filter>
    </QtMoc>
    <QtMoc Include="..\Wilbur\ConnectionLayoutView.h">
      <Filter>Header Files</Filter>
    </QtMoc>
    <QtMoc Include="..\Wilbur\ductButtonView.h">
      <Filter>Header Files</Filter>
    </QtMoc>
    <QtMoc Include="..\Wilbur\ductLayoutView.h">
      <Filter>Header Files</Filter>
    </QtMoc>
    <QtMoc Include="..\Wilbur\FileMenuModel.h">
      <Filter>Header Files</Filter>
    </QtMoc>
    <QtMoc Include="..\Wilbur\FlowRateLayoutView.h">
      <Filter>Header Files</Filter>
    </QtMoc>
    <QtMoc Include="..\Wilbur\HelpMenuModel.h">
      <Filter>Header Files</Filter>
    </QtMoc>
    <QtMoc Include="..\Wilbur\InputDirectorUnitTest.cpp">
      <Filter>Source Files</Filter>
    </QtMoc>
    <QtMoc Include="..\Wilbur\MenuBarView.h">
      <Filter>Header Files</Filter>
    </QtMoc>
    <QtMoc Include="..\Wilbur\prototypeControllerView.h">
      <Filter>Header Files</Filter>
    </QtMoc>
    <QtMoc Include="..\Wilbur\SerialConnection.h">
      <Filter>Header Files</Filter>
    </QtMoc>
    <QtMoc Include="..\Wilbur\SimOutputViewModel.h">
      <Filter>Header Files</Filter>
    </QtMoc>
    <QtMoc Include="..\Wilbur\sliderLayoutView.h">
      <Filter>Header Files</Filter>
    </QtMoc>
    <QtMoc Include="..\Wilbur\StiffnessSliderView.h">
      <Filter>Header Files</Filter>
    </QtMoc>
  </ItemGroup>
  <ItemGroup>
    <ClInclude Include="..\Wilbur\EnumsAndConstants.h">
      <Filter>Header Files</Filter>
    </ClInclude>
    <ClInclude Include="..\Wilbur\InputDirectorViewModel.h">
      <Filter>Header Files</Filter>
    </ClInclude>
    <ClInclude Include="..\Wilbur\IStringBuilder.h">
      <Filter>Header Files</Filter>
    </ClInclude>
    <ClInclude Include="..\Wilbur\MenuBarModel.h">
      <Filter>Header Files</Filter>
    </ClInclude>
    <ClInclude Include="..\Wilbur\SimulatorModel.h">
      <Filter>Header Files</Filter>
    </ClInclude>
  </ItemGroup>
  <ItemGroup>
    <None Include="WilburTest.pro" />
  </ItemGroup>
</Project>